// !$*UTF8*$!
{
	archiveVersion = 1;
	classes = {
	};
	objectVersion = 46;
	objects = {

/* Begin PBXBuildFile section */
		BFA2DDE61B547FB700984226 /* AppDelegate.swift in Sources */ = {isa = PBXBuildFile; fileRef = BFA2DDE51B547FB700984226 /* AppDelegate.swift */; };
		BFA2DDEB1B547FB700984226 /* Main.storyboard in Resources */ = {isa = PBXBuildFile; fileRef = BFA2DDE91B547FB700984226 /* Main.storyboard */; };
		BFA2DDED1B547FB700984226 /* Images.xcassets in Resources */ = {isa = PBXBuildFile; fileRef = BFA2DDEC1B547FB700984226 /* Images.xcassets */; };
		BFA2DDF01B547FB700984226 /* LaunchScreen.xib in Resources */ = {isa = PBXBuildFile; fileRef = BFA2DDEE1B547FB700984226 /* LaunchScreen.xib */; };
		BFA2DDFC1B547FB700984226 /* CandySearchTests.swift in Sources */ = {isa = PBXBuildFile; fileRef = BFA2DDFB1B547FB700984226 /* CandySearchTests.swift */; };
		BFA2DE061B54804D00984226 /* Candy.swift in Sources */ = {isa = PBXBuildFile; fileRef = BFA2DE051B54804D00984226 /* Candy.swift */; };
		BFA2DE081B5480B600984226 /* CandyTableViewController.swift in Sources */ = {isa = PBXBuildFile; fileRef = BFA2DE071B5480B600984226 /* CandyTableViewController.swift */; };
/* End PBXBuildFile section */

/* Begin PBXContainerItemProxy section */
		BFA2DDF61B547FB700984226 /* PBXContainerItemProxy */ = {
			isa = PBXContainerItemProxy;
			containerPortal = BFA2DDD81B547FB700984226 /* Project object */;
			proxyType = 1;
			remoteGlobalIDString = BFA2DDDF1B547FB700984226;
			remoteInfo = CandySearch;
		};
/* End PBXContainerItemProxy section */

/* Begin PBXFileReference section */
		BFA2DDE01B547FB700984226 /* CandySearch.app */ = {isa = PBXFileReference; explicitFileType = wrapper.application; includeInIndex = 0; path = CandySearch.app; sourceTree = BUILT_PRODUCTS_DIR; };
		BFA2DDE41B547FB700984226 /* Info.plist */ = {isa = PBXFileReference; lastKnownFileType = text.plist.xml; path = Info.plist; sourceTree = "<group>"; };
		BFA2DDE51B547FB700984226 /* AppDelegate.swift */ = {isa = PBXFileReference; lastKnownFileType = sourcecode.swift; path = AppDelegate.swift; sourceTree = "<group>"; };
		BFA2DDEA1B547FB700984226 /* Base */ = {isa = PBXFileReference; lastKnownFileType = file.storyboard; name = Base; path = Base.lproj/Main.storyboard; sourceTree = "<group>"; };
		BFA2DDEC1B547FB700984226 /* Images.xcassets */ = {isa = PBXFileReference; lastKnownFileType = folder.assetcatalog; path = Images.xcassets; sourceTree = "<group>"; };
		BFA2DDEF1B547FB700984226 /* Base */ = {isa = PBXFileReference; lastKnownFileType = file.xib; name = Base; path = Base.lproj/LaunchScreen.xib; sourceTree = "<group>"; };
		BFA2DDF51B547FB700984226 /* CandySearchTests.xctest */ = {isa = PBXFileReference; explicitFileType = wrapper.cfbundle; includeInIndex = 0; path = CandySearchTests.xctest; sourceTree = BUILT_PRODUCTS_DIR; };
		BFA2DDFA1B547FB700984226 /* Info.plist */ = {isa = PBXFileReference; lastKnownFileType = text.plist.xml; path = Info.plist; sourceTree = "<group>"; };
		BFA2DDFB1B547FB700984226 /* CandySearchTests.swift */ = {isa = PBXFileReference; lastKnownFileType = sourcecode.swift; path = CandySearchTests.swift; sourceTree = "<group>"; };
		BFA2DE051B54804D00984226 /* Candy.swift */ = {isa = PBXFileReference; fileEncoding = 4; lastKnownFileType = sourcecode.swift; path = Candy.swift; sourceTree = "<group>"; };
		BFA2DE071B5480B600984226 /* CandyTableViewController.swift */ = {isa = PBXFileReference; fileEncoding = 4; lastKnownFileType = sourcecode.swift; path = CandyTableViewController.swift; sourceTree = "<group>"; };
/* End PBXFileReference section */

/* Begin PBXFrameworksBuildPhase section */
		BFA2DDDD1B547FB700984226 /* Frameworks */ = {
			isa = PBXFrameworksBuildPhase;
			buildActionMask = 2147483647;
			files = (
			);
			runOnlyForDeploymentPostprocessing = 0;
		};
		BFA2DDF21B547FB700984226 /* Frameworks */ = {
			isa = PBXFrameworksBuildPhase;
			buildActionMask = 2147483647;
			files = (
			);
			runOnlyForDeploymentPostprocessing = 0;
		};
/* End PBXFrameworksBuildPhase section */

/* Begin PBXGroup section */
		BFA2DDD71B547FB700984226 = {
			isa = PBXGroup;
			children = (
				BFA2DDE21B547FB700984226 /* CandySearch */,
				BFA2DDF81B547FB700984226 /* CandySearchTests */,
				BFA2DDE11B547FB700984226 /* Products */,
			);
			sourceTree = "<group>";
		};
		BFA2DDE11B547FB700984226 /* Products */ = {
			isa = PBXGroup;
			children = (
				BFA2DDE01B547FB700984226 /* CandySearch.app */,
				BFA2DDF51B547FB700984226 /* CandySearchTests.xctest */,
			);
			name = Products;
			sourceTree = "<group>";
		};
		BFA2DDE21B547FB700984226 /* CandySearch */ = {
			isa = PBXGroup;
			children = (
				BFA2DDE51B547FB700984226 /* AppDelegate.swift */,
				BFA2DDE91B547FB700984226 /* Main.storyboard */,
				BFA2DDEC1B547FB700984226 /* Images.xcassets */,
				BFA2DDEE1B547FB700984226 /* LaunchScreen.xib */,
				BFA2DDE31B547FB700984226 /* Supporting Files */,
				BFA2DE051B54804D00984226 /* Candy.swift */,
				BFA2DE071B5480B600984226 /* CandyTableViewController.swift */,
			);
			path = CandySearch;
			sourceTree = "<group>";
		};
		BFA2DDE31B547FB700984226 /* Supporting Files */ = {
			isa = PBXGroup;
			children = (
				BFA2DDE41B547FB700984226 /* Info.plist */,
			);
			name = "Supporting Files";
			sourceTree = "<group>";
		};
		BFA2DDF81B547FB700984226 /* CandySearchTests */ = {
			isa = PBXGroup;
			children = (
				BFA2DDFB1B547FB700984226 /* CandySearchTests.swift */,
				BFA2DDF91B547FB700984226 /* Supporting Files */,
			);
			path = CandySearchTests;
			sourceTree = "<group>";
		};
		BFA2DDF91B547FB700984226 /* Supporting Files */ = {
			isa = PBXGroup;
			children = (
				BFA2DDFA1B547FB700984226 /* Info.plist */,
			);
			name = "Supporting Files";
			sourceTree = "<group>";
		};
/* End PBXGroup section */

/* Begin PBXNativeTarget section */
		BFA2DDDF1B547FB700984226 /* CandySearch */ = {
			isa = PBXNativeTarget;
			buildConfigurationList = BFA2DDFF1B547FB700984226 /* Build configuration list for PBXNativeTarget "CandySearch" */;
			buildPhases = (
				BFA2DDDC1B547FB700984226 /* Sources */,
				BFA2DDDD1B547FB700984226 /* Frameworks */,
				BFA2DDDE1B547FB700984226 /* Resources */,
			);
			buildRules = (
			);
			dependencies = (
			);
			name = CandySearch;
			productName = CandySearch;
			productReference = BFA2DDE01B547FB700984226 /* CandySearch.app */;
			productType = "com.apple.product-type.application";
		};
		BFA2DDF41B547FB700984226 /* CandySearchTests */ = {
			isa = PBXNativeTarget;
			buildConfigurationList = BFA2DE021B547FB700984226 /* Build configuration list for PBXNativeTarget "CandySearchTests" */;
			buildPhases = (
				BFA2DDF11B547FB700984226 /* Sources */,
				BFA2DDF21B547FB700984226 /* Frameworks */,
				BFA2DDF31B547FB700984226 /* Resources */,
			);
			buildRules = (
			);
			dependencies = (
				BFA2DDF71B547FB700984226 /* PBXTargetDependency */,
			);
			name = CandySearchTests;
			productName = CandySearchTests;
			productReference = BFA2DDF51B547FB700984226 /* CandySearchTests.xctest */;
			productType = "com.apple.product-type.bundle.unit-test";
		};
/* End PBXNativeTarget section */

/* Begin PBXProject section */
		BFA2DDD81B547FB700984226 /* Project object */ = {
			isa = PBXProject;
			attributes = {
				LastUpgradeCheck = 0640;
				ORGANIZATIONNAME = Kodappy;
				TargetAttributes = {
					BFA2DDDF1B547FB700984226 = {
						CreatedOnToolsVersion = 6.4;
					};
					BFA2DDF41B547FB700984226 = {
						CreatedOnToolsVersion = 6.4;
						TestTargetID = BFA2DDDF1B547FB700984226;
					};
				};
			};
			buildConfigurationList = BFA2DDDB1B547FB700984226 /* Build configuration list for PBXProject "CandySearch" */;
			compatibilityVersion = "Xcode 3.2";
			developmentRegion = English;
			hasScannedForEncodings = 0;
			knownRegions = (
				en,
				Base,
			);
			mainGroup = BFA2DDD71B547FB700984226;
			productRefGroup = BFA2DDE11B547FB700984226 /* Products */;
			projectDirPath = "";
			projectRoot = "";
			targets = (
				BFA2DDDF1B547FB700984226 /* CandySearch */,
				BFA2DDF41B547FB700984226 /* CandySearchTests */,
			);
		};
/* End PBXProject section */

/* Begin PBXResourcesBuildPhase section */
		BFA2DDDE1B547FB700984226 /* Resources */ = {
			isa = PBXResourcesBuildPhase;
			buildActionMask = 2147483647;
			files = (
				BFA2DDEB1B547FB700984226 /* Main.storyboard in Resources */,
				BFA2DDF01B547FB700984226 /* LaunchScreen.xib in Resources */,
				BFA2DDED1B547FB700984226 /* Images.xcassets in Resources */,
			);
			runOnlyForDeploymentPostprocessing = 0;
		};
		BFA2DDF31B547FB700984226 /* Resources */ = {
			isa = PBXResourcesBuildPhase;
			buildActionMask = 2147483647;
			files = (
			);
			runOnlyForDeploymentPostprocessing = 0;
		};
/* End PBXResourcesBuildPhase section */

/* Begin PBXSourcesBuildPhase section */
		BFA2DDDC1B547FB700984226 /* Sources */ = {
			isa = PBXSourcesBuildPhase;
			buildActionMask = 2147483647;
			files = (
				BFA2DDE61B547FB700984226 /* AppDelegate.swift in Sources */,
				BFA2DE061B54804D00984226 /* Candy.swift in Sources */,
				BFA2DE081B5480B600984226 /* CandyTableViewController.swift in Sources */,
			);
			runOnlyForDeploymentPostprocessing = 0;
		};
		BFA2DDF11B547FB700984226 /* Sources */ = {
			isa = PBXSourcesBuildPhase;
			buildActionMask = 2147483647;
			files = (
				BFA2DDFC1B547FB700984226 /* CandySearchTests.swift in Sources */,
			);
			runOnlyForDeploymentPostprocessing = 0;
		};
/* End PBXSourcesBuildPhase section */

/* Begin PBXTargetDependency section */
		BFA2DDF71B547FB700984226 /* PBXTargetDependency */ = {
			isa = PBXTargetDependency;
			target = BFA2DDDF1B547FB700984226 /* CandySearch */;
			targetProxy = BFA2DDF61B547FB700984226 /* PBXContainerItemProxy */;
		};
/* End PBXTargetDependency section */

/* Begin PBXVariantGroup section */
		BFA2DDE91B547FB700984226 /* Main.storyboard */ = {
			isa = PBXVariantGroup;
			children = (
				BFA2DDEA1B547FB700984226 /* Base */,
			);
			name = Main.storyboard;
			sourceTree = "<group>";
		};
		BFA2DDEE1B547FB700984226 /* LaunchScreen.xib */ = {
			isa = PBXVariantGroup;
			children = (
				BFA2DDEF1B547FB700984226 /* Base */,
			);
			name = LaunchScreen.xib;
			sourceTree = "<group>";
		};
/* End PBXVariantGroup section */

/* Begin XCBuildConfiguration section */
		BFA2DDFD1B547FB700984226 /* Debug */ = {
			isa = XCBuildConfiguration;
			buildSettings = {
				ALWAYS_SEARCH_USER_PATHS = NO;
				CLANG_CXX_LANGUAGE_STANDARD = "gnu++0x";
				CLANG_CXX_LIBRARY = "libc++";
				CLANG_ENABLE_MODULES = YES;
				CLANG_ENABLE_OBJC_ARC = YES;
				CLANG_WARN_BOOL_CONVERSION = YES;
				CLANG_WARN_CONSTANT_CONVERSION = YES;
				CLANG_WARN_DIRECT_OBJC_ISA_USAGE = YES_ERROR;
				CLANG_WARN_EMPTY_BODY = YES;
				CLANG_WARN_ENUM_CONVERSION = YES;
				CLANG_WARN_INT_CONVERSION = YES;
				CLANG_WARN_OBJC_ROOT_CLASS = YES_ERROR;
				CLANG_WARN_UNREACHABLE_CODE = YES;
				CLANG_WARN__DUPLICATE_METHOD_MATCH = YES;
				"CODE_SIGN_IDENTITY[sdk=iphoneos*]" = "iPhone Developer";
				COPY_PHASE_STRIP = NO;
				DEBUG_INFORMATION_FORMAT = "dwarf-with-dsym";
				ENABLE_STRICT_OBJC_MSGSEND = YES;
				GCC_C_LANGUAGE_STANDARD = gnu99;
				GCC_DYNAMIC_NO_PIC = NO;
				GCC_NO_COMMON_BLOCKS = YES;
				GCC_OPTIMIZATION_LEVEL = 0;
				GCC_PREPROCESSOR_DEFINITIONS = (
					"DEBUG=1",
					"$(inherited)",
				);
				GCC_SYMBOLS_PRIVATE_EXTERN = NO;
				GCC_WARN_64_TO_32_BIT_CONVERSION = YES;
				GCC_WARN_ABOUT_RETURN_TYPE = YES_ERROR;
				GCC_WARN_UNDECLARED_SELECTOR = YES;
				GCC_WARN_UNINITIALIZED_AUTOS = YES_AGGRESSIVE;
				GCC_WARN_UNUSED_FUNCTION = YES;
				GCC_WARN_UNUSED_VARIABLE = YES;
				IPHONEOS_DEPLOYMENT_TARGET = 8.4;
				MTL_ENABLE_DEBUG_INFO = YES;
				ONLY_ACTIVE_ARCH = YES;
				SDKROOT = iphoneos;
				SWIFT_OPTIMIZATION_LEVEL = "-Onone";
			};
			name = Debug;
		};
		BFA2DDFE1B547FB700984226 /* Release */ = {
			isa = XCBuildConfiguration;
			buildSettings = {
				ALWAYS_SEARCH_USER_PATHS = NO;
				CLANG_CXX_LANGUAGE_STANDARD = "gnu++0x";
				CLANG_CXX_LIBRARY = "libc++";
				CLANG_ENABLE_MODULES = YES;
				CLANG_ENABLE_OBJC_ARC = YES;
				CLANG_WARN_BOOL_CONVERSION = YES;
				CLANG_WARN_CONSTANT_CONVERSION = YES;
				CLANG_WARN_DIRECT_OBJC_ISA_USAGE = YES_ERROR;
				CLANG_WARN_EMPTY_BODY = YES;
				CLANG_WARN_ENUM_CONVERSION = YES;
				CLANG_WARN_INT_CONVERSION = YES;
				CLANG_WARN_OBJC_ROOT_CLASS = YES_ERROR;
				CLANG_WARN_UNREACHABLE_CODE = YES;
				CLANG_WARN__DUPLICATE_METHOD_MATCH = YES;
				"CODE_SIGN_IDENTITY[sdk=iphoneos*]" = "iPhone Developer";
				COPY_PHASE_STRIP = NO;
				DEBUG_INFORMATION_FORMAT = "dwarf-with-dsym";
				ENABLE_NS_ASSERTIONS = NO;
				ENABLE_STRICT_OBJC_MSGSEND = YES;
				GCC_C_LANGUAGE_STANDARD = gnu99;
				GCC_NO_COMMON_BLOCKS = YES;
				GCC_WARN_64_TO_32_BIT_CONVERSION = YES;
				GCC_WARN_ABOUT_RETURN_TYPE = YES_ERROR;
				GCC_WARN_UNDECLARED_SELECTOR = YES;
				GCC_WARN_UNINITIALIZED_AUTOS = YES_AGGRESSIVE;
				GCC_WARN_UNUSED_FUNCTION = YES;
				GCC_WARN_UNUSED_VARIABLE = YES;
				IPHONEOS_DEPLOYMENT_TARGET = 8.4;
				MTL_ENABLE_DEBUG_INFO = NO;
				SDKROOT = iphoneos;
				VALIDATE_PRODUCT = YES;
			};
			name = Release;
		};
		BFA2DE001B547FB700984226 /* Debug */ = {
			isa = XCBuildConfiguration;
			buildSettings = {
				ASSETCATALOG_COMPILER_APPICON_NAME = AppIcon;
				INFOPLIST_FILE = CandySearch/Info.plist;
				LD_RUNPATH_SEARCH_PATHS = "$(inherited) @executable_path/Frameworks";
				PRODUCT_NAME = "$(TARGET_NAME)";
			};
			name = Debug;
		};
		BFA2DE011B547FB700984226 /* Release */ = {
			isa = XCBuildConfiguration;
			buildSettings = {
				ASSETCATALOG_COMPILER_APPICON_NAME = AppIcon;
				INFOPLIST_FILE = CandySearch/Info.plist;
				LD_RUNPATH_SEARCH_PATHS = "$(inherited) @executable_path/Frameworks";
				PRODUCT_NAME = "$(TARGET_NAME)";
			};
			name = Release;
		};
		BFA2DE031B547FB700984226 /* Debug */ = {
			isa = XCBuildConfiguration;
			buildSettings = {
				BUNDLE_LOADER = "$(TEST_HOST)";
				FRAMEWORK_SEARCH_PATHS = (
					"$(SDKROOT)/Developer/Library/Frameworks",
					"$(inherited)",
				);
				GCC_PREPROCESSOR_DEFINITIONS = (
					"DEBUG=1",
					"$(inherited)",
				);
				INFOPLIST_FILE = CandySearchTests/Info.plist;
				LD_RUNPATH_SEARCH_PATHS = "$(inherited) @executable_path/Frameworks @loader_path/Frameworks";
				PRODUCT_NAME = "$(TARGET_NAME)";
				TEST_HOST = "$(BUILT_PRODUCTS_DIR)/CandySearch.app/CandySearch";
			};
			name = Debug;
		};
		BFA2DE041B547FB700984226 /* Release */ = {
			isa = XCBuildConfiguration;
			buildSettings = {
				BUNDLE_LOADER = "$(TEST_HOST)";
				FRAMEWORK_SEARCH_PATHS = (
					"$(SDKROOT)/Developer/Library/Frameworks",
					"$(inherited)",
				);
				INFOPLIST_FILE = CandySearchTests/Info.plist;
				LD_RUNPATH_SEARCH_PATHS = "$(inherited) @executable_path/Frameworks @loader_path/Frameworks";
				PRODUCT_NAME = "$(TARGET_NAME)";
				TEST_HOST = "$(BUILT_PRODUCTS_DIR)/CandySearch.app/CandySearch";
			};
			name = Release;
		};
/* End XCBuildConfiguration section */

/* Begin XCConfigurationList section */
		BFA2DDDB1B547FB700984226 /* Build configuration list for PBXProject "CandySearch" */ = {
			isa = XCConfigurationList;
			buildConfigurations = (
				BFA2DDFD1B547FB700984226 /* Debug */,
				BFA2DDFE1B547FB700984226 /* Release */,
			);
			defaultConfigurationIsVisible = 0;
			defaultConfigurationName = Release;
		};
		BFA2DDFF1B547FB700984226 /* Build configuration list for PBXNativeTarget "CandySearch" */ = {
			isa = XCConfigurationList;
			buildConfigurations = (
				BFA2DE001B547FB700984226 /* Debug */,
				BFA2DE011B547FB700984226 /* Release */,
			);
			defaultConfigurationIsVisible = 0;
		};
		BFA2DE021B547FB700984226 /* Build configuration list for PBXNativeTarget "CandySearchTests" */ = {
			isa = XCConfigurationList;
			buildConfigurations = (
				BFA2DE031B547FB700984226 /* Debug */,
				BFA2DE041B547FB700984226 /* Release */,
			);
			defaultConfigurationIsVisible = 0;
		};
/* End XCConfigurationList section */
	};
	rootObject = BFA2DDD81B547FB700984226 /* Project object */;
}
